
Microsoft Visual Studio Solution File, Format Version 12.00
# Visual Studio Version 17
VisualStudioVersion = 17.11.35312.102
MinimumVisualStudioVersion = 10.0.40219.1
Project("{8BC9CEB8-8B4A-11D0-8D11-00A0C91BC942}") = "Travelling-Salesman-Problem", "Travelling-Salesman-Problem\Travelling-Salesman-Problem.vcxproj", "{F884161E-F8B8-4901-B10E-B1A2F58C7D90}"
EndProject
Global
	GlobalSection(SolutionConfigurationPlatforms) = preSolution
		Debug|x64 = Debug|x64
		Debug|x86 = Debug|x86
		Release|x64 = Release|x64
		Release|x86 = Release|x86
	EndGlobalSection
	GlobalSection(ProjectConfigurationPlatforms) = postSolution
		{F884161E-F8B8-4901-B10E-B1A2F58C7D90}.Debug|x64.ActiveCfg = Debug|x64
		{F884161E-F8B8-4901-B10E-B1A2F58C7D90}.Debug|x64.Build.0 = Debug|x64
		{F884161E-F8B8-4901-B10E-B1A2F58C7D90}.Debug|x86.ActiveCfg = Debug|Win32
		{F884161E-F8B8-4901-B10E-B1A2F58C7D90}.Debug|x86.Build.0 = Debug|Win32
		{F884161E-F8B8-4901-B10E-B1A2F58C7D90}.Release|x64.ActiveCfg = Release|x64
		{F884161E-F8B8-4901-B10E-B1A2F58C7D90}.Release|x64.Build.0 = Release|x64
		{F884161E-F8B8-4901-B10E-B1A2F58C7D90}.Release|x86.ActiveCfg = Release|Win32
		{F884161E-F8B8-4901-B10E-B1A2F58C7D90}.Release|x86.Build.0 = Release|Win32
	EndGlobalSection
	GlobalSection(SolutionProperties) = preSolution
		HideSolutionNode = FALSE
	EndGlobalSection
	GlobalSection(ExtensibilityGlobals) = postSolution
		SolutionGuid = {F050E559-08B0-4DA8-A618-46ADFA25CE8D}
	EndGlobalSection
EndGlobal
